
Microsoft Visual Studio Solution File, Format Version 12.00
# Visual Studio Version 17
VisualStudioVersion = 17.5.33502.453
MinimumVisualStudioVersion = 10.0.40219.1
Project("{FAE04EC0-301F-11D3-BF4B-00C04F79EFBC}") = "QuanLyGiangDay", "QuanLyGiangDay\QuanLyGiangDay.csproj", "{FFB4E7B5-4133-440F-8ED0-B2E35E0010D2}"
EndProject
Global
	GlobalSection(SolutionConfigurationPlatforms) = preSolution
		Debug|Any CPU = Debug|Any CPU
		Release|Any CPU = Release|Any CPU
	EndGlobalSection
	GlobalSection(ProjectConfigurationPlatforms) = postSolution
		{FFB4E7B5-4133-440F-8ED0-B2E35E0010D2}.Debug|Any CPU.ActiveCfg = Debug|Any CPU
		{FFB4E7B5-4133-440F-8ED0-B2E35E0010D2}.Debug|Any CPU.Build.0 = Debug|Any CPU
		{FFB4E7B5-4133-440F-8ED0-B2E35E0010D2}.Release|Any CPU.ActiveCfg = Release|Any CPU
		{FFB4E7B5-4133-440F-8ED0-B2E35E0010D2}.Release|Any CPU.Build.0 = Release|Any CPU
	EndGlobalSection
	GlobalSection(SolutionProperties) = preSolution
		HideSolutionNode = FALSE
	EndGlobalSection
	GlobalSection(ExtensibilityGlobals) = postSolution
		SolutionGuid = {896A0726-2AE8-4AF6-8A61-B9A18A020CFB}
	EndGlobalSection
EndGlobal
